
Microsoft Visual Studio Solution File, Format Version 12.00
# Visual Studio Version 17
VisualStudioVersion = 17.0.31903.59
MinimumVisualStudioVersion = 10.0.40219.1
Project("{9A19103F-16F7-4668-BE54-9A1E7A4F7556}") = "EmployeeSchedulingApp", "EmployeeSchedulingApp\EmployeeSchedulingApp.csproj", "{86E18FE2-0FC8-418F-90D2-D6BDD850F37C}"
EndProject
Project("{FAE04EC0-301F-11D3-BF4B-00C04F79EFBC}") = "EmployeeSchedulingTest", "EmployeeSchedulingTest\EmployeeSchedulingTest.csproj", "{7B8F2E7E-E931-4165-BD40-550EF83677E8}"
EndProject
Global
	GlobalSection(SolutionConfigurationPlatforms) = preSolution
		Debug|Any CPU = Debug|Any CPU
		Release|Any CPU = Release|Any CPU
	EndGlobalSection
	GlobalSection(ProjectConfigurationPlatforms) = postSolution
		{86E18FE2-0FC8-418F-90D2-D6BDD850F37C}.Debug|Any CPU.ActiveCfg = Debug|Any CPU
		{86E18FE2-0FC8-418F-90D2-D6BDD850F37C}.Debug|Any CPU.Build.0 = Debug|Any CPU
		{86E18FE2-0FC8-418F-90D2-D6BDD850F37C}.Release|Any CPU.ActiveCfg = Release|Any CPU
		{86E18FE2-0FC8-418F-90D2-D6BDD850F37C}.Release|Any CPU.Build.0 = Release|Any CPU
		{7B8F2E7E-E931-4165-BD40-550EF83677E8}.Debug|Any CPU.ActiveCfg = Debug|Any CPU
		{7B8F2E7E-E931-4165-BD40-550EF83677E8}.Debug|Any CPU.Build.0 = Debug|Any CPU
		{7B8F2E7E-E931-4165-BD40-550EF83677E8}.Release|Any CPU.ActiveCfg = Release|Any CPU
		{7B8F2E7E-E931-4165-BD40-550EF83677E8}.Release|Any CPU.Build.0 = Release|Any CPU
	EndGlobalSection
	GlobalSection(SolutionProperties) = preSolution
		HideSolutionNode = FALSE
	EndGlobalSection
	GlobalSection(ExtensibilityGlobals) = postSolution
		SolutionGuid = {7E62C1B3-A316-437D-8368-C24C0A90576F}
	EndGlobalSection
EndGlobal
